
Microsoft Visual Studio Solution File, Format Version 11.00
# Visual Studio 2010
Project("{FAE04EC0-301F-11D3-BF4B-00C04F79EFBC}") = "ImbizoCalculator.Specs", "ImbizoCalculator.Specs\ImbizoCalculator.Specs.csproj", "{483B1AB1-D9DD-4733-BD5E-208C47872EDB}"
	ProjectSection(ProjectDependencies) = postProject
		{59C53134-930C-44CE-8904-606C610506F2} = {59C53134-930C-44CE-8904-606C610506F2}
	EndProjectSection
EndProject
Project("{FAE04EC0-301F-11D3-BF4B-00C04F79EFBC}") = "ImbizoCalculator", "ImbizoCalculator\ImbizoCalculator.csproj", "{59C53134-930C-44CE-8904-606C610506F2}"
EndProject
Global
	GlobalSection(SolutionConfigurationPlatforms) = preSolution
		Debug|Any CPU = Debug|Any CPU
		Debug|Mixed Platforms = Debug|Mixed Platforms
		Debug|x86 = Debug|x86
		Release|Any CPU = Release|Any CPU
		Release|Mixed Platforms = Release|Mixed Platforms
		Release|x86 = Release|x86
	EndGlobalSection
	GlobalSection(ProjectConfigurationPlatforms) = postSolution
		{483B1AB1-D9DD-4733-BD5E-208C47872EDB}.Debug|Any CPU.ActiveCfg = Debug|Any CPU
		{483B1AB1-D9DD-4733-BD5E-208C47872EDB}.Debug|Any CPU.Build.0 = Debug|Any CPU
		{483B1AB1-D9DD-4733-BD5E-208C47872EDB}.Debug|Mixed Platforms.ActiveCfg = Debug|Any CPU
		{483B1AB1-D9DD-4733-BD5E-208C47872EDB}.Debug|Mixed Platforms.Build.0 = Debug|Any CPU
		{483B1AB1-D9DD-4733-BD5E-208C47872EDB}.Debug|x86.ActiveCfg = Debug|Any CPU
		{483B1AB1-D9DD-4733-BD5E-208C47872EDB}.Release|Any CPU.ActiveCfg = Release|Any CPU
		{483B1AB1-D9DD-4733-BD5E-208C47872EDB}.Release|Any CPU.Build.0 = Release|Any CPU
		{483B1AB1-D9DD-4733-BD5E-208C47872EDB}.Release|Mixed Platforms.ActiveCfg = Release|Any CPU
		{483B1AB1-D9DD-4733-BD5E-208C47872EDB}.Release|Mixed Platforms.Build.0 = Release|Any CPU
		{483B1AB1-D9DD-4733-BD5E-208C47872EDB}.Release|x86.ActiveCfg = Release|Any CPU
		{59C53134-930C-44CE-8904-606C610506F2}.Debug|Any CPU.ActiveCfg = Debug|Any CPU
		{59C53134-930C-44CE-8904-606C610506F2}.Debug|Any CPU.Build.0 = Debug|Any CPU
		{59C53134-930C-44CE-8904-606C610506F2}.Debug|Mixed Platforms.ActiveCfg = Debug|Any CPU
		{59C53134-930C-44CE-8904-606C610506F2}.Debug|Mixed Platforms.Build.0 = Debug|Any CPU
		{59C53134-930C-44CE-8904-606C610506F2}.Debug|x86.ActiveCfg = Debug|Any CPU
		{59C53134-930C-44CE-8904-606C610506F2}.Release|Any CPU.ActiveCfg = Release|Any CPU
		{59C53134-930C-44CE-8904-606C610506F2}.Release|Any CPU.Build.0 = Release|Any CPU
		{59C53134-930C-44CE-8904-606C610506F2}.Release|Mixed Platforms.ActiveCfg = Release|Any CPU
		{59C53134-930C-44CE-8904-606C610506F2}.Release|Mixed Platforms.Build.0 = Release|Any CPU
		{59C53134-930C-44CE-8904-606C610506F2}.Release|x86.ActiveCfg = Release|Any CPU
	EndGlobalSection
	GlobalSection(SolutionProperties) = preSolution
		HideSolutionNode = FALSE
	EndGlobalSection
EndGlobal
